
Microsoft Visual Studio Solution File, Format Version 12.00
# Visual Studio Version 17
VisualStudioVersion = 17.14.36109.1 d17.14
MinimumVisualStudioVersion = 10.0.40219.1
Project("{FAE04EC0-301F-11D3-BF4B-00C04F79EFBC}") = "LabWork12", "LabWork12\LabWork12.csproj", "{A9392E39-35EB-4227-B59C-7C79121C2F51}"
EndProject
Global
	GlobalSection(SolutionConfigurationPlatforms) = preSolution
		Debug|Any CPU = Debug|Any CPU
		Release|Any CPU = Release|Any CPU
	EndGlobalSection
	GlobalSection(ProjectConfigurationPlatforms) = postSolution
		{A9392E39-35EB-4227-B59C-7C79121C2F51}.Debug|Any CPU.ActiveCfg = Debug|Any CPU
		{A9392E39-35EB-4227-B59C-7C79121C2F51}.Debug|Any CPU.Build.0 = Debug|Any CPU
		{A9392E39-35EB-4227-B59C-7C79121C2F51}.Release|Any CPU.ActiveCfg = Release|Any CPU
		{A9392E39-35EB-4227-B59C-7C79121C2F51}.Release|Any CPU.Build.0 = Release|Any CPU
	EndGlobalSection
	GlobalSection(SolutionProperties) = preSolution
		HideSolutionNode = FALSE
	EndGlobalSection
	GlobalSection(ExtensibilityGlobals) = postSolution
		SolutionGuid = {842557AC-9488-400D-8982-FE01525BC194}
	EndGlobalSection
EndGlobal
