
Microsoft Visual Studio Solution File, Format Version 12.00
# Visual Studio Version 17
VisualStudioVersion = 17.14.36109.1 d17.14
MinimumVisualStudioVersion = 10.0.40219.1
Project("{FAE04EC0-301F-11D3-BF4B-00C04F79EFBC}") = "LabWork8", "labwork8\LabWork8.csproj", "{CCC098EB-9EA2-484F-87D4-F4CA0A7E69D8}"
EndProject
Global
	GlobalSection(SolutionConfigurationPlatforms) = preSolution
		Debug|Any CPU = Debug|Any CPU
		Release|Any CPU = Release|Any CPU
	EndGlobalSection
	GlobalSection(ProjectConfigurationPlatforms) = postSolution
		{CCC098EB-9EA2-484F-87D4-F4CA0A7E69D8}.Debug|Any CPU.ActiveCfg = Debug|Any CPU
		{CCC098EB-9EA2-484F-87D4-F4CA0A7E69D8}.Debug|Any CPU.Build.0 = Debug|Any CPU
		{CCC098EB-9EA2-484F-87D4-F4CA0A7E69D8}.Release|Any CPU.ActiveCfg = Release|Any CPU
		{CCC098EB-9EA2-484F-87D4-F4CA0A7E69D8}.Release|Any CPU.Build.0 = Release|Any CPU
	EndGlobalSection
	GlobalSection(SolutionProperties) = preSolution
		HideSolutionNode = FALSE
	EndGlobalSection
	GlobalSection(ExtensibilityGlobals) = postSolution
		SolutionGuid = {4517A957-2D67-4D9F-A6FC-0C30C963A9BD}
	EndGlobalSection
EndGlobal
