
Microsoft Visual Studio Solution File, Format Version 12.00
# Visual Studio Version 17
VisualStudioVersion = 17.14.36109.1 d17.14
MinimumVisualStudioVersion = 10.0.40219.1
Project("{FAE04EC0-301F-11D3-BF4B-00C04F79EFBC}") = "LabWork7", "LabWork7\LabWork7.csproj", "{001D8B02-D2FF-4889-A3F2-08A92F7798DA}"
EndProject
Global
	GlobalSection(SolutionConfigurationPlatforms) = preSolution
		Debug|Any CPU = Debug|Any CPU
		Release|Any CPU = Release|Any CPU
	EndGlobalSection
	GlobalSection(ProjectConfigurationPlatforms) = postSolution
		{001D8B02-D2FF-4889-A3F2-08A92F7798DA}.Debug|Any CPU.ActiveCfg = Debug|Any CPU
		{001D8B02-D2FF-4889-A3F2-08A92F7798DA}.Debug|Any CPU.Build.0 = Debug|Any CPU
		{001D8B02-D2FF-4889-A3F2-08A92F7798DA}.Release|Any CPU.ActiveCfg = Release|Any CPU
		{001D8B02-D2FF-4889-A3F2-08A92F7798DA}.Release|Any CPU.Build.0 = Release|Any CPU
	EndGlobalSection
	GlobalSection(SolutionProperties) = preSolution
		HideSolutionNode = FALSE
	EndGlobalSection
	GlobalSection(ExtensibilityGlobals) = postSolution
		SolutionGuid = {8AFC28AA-4358-40F5-8CA4-F9132D8D4B86}
	EndGlobalSection
EndGlobal
